
Microsoft Visual Studio Solution File, Format Version 12.00
# Visual Studio Version 17
VisualStudioVersion = 17.6.33815.320
MinimumVisualStudioVersion = 10.0.40219.1
Project("{8BC9CEB8-8B4A-11D0-8D11-00A0C91BC942}") = "Core", "Source\Engine\Core\Core.vcxproj", "{A6DC1E2E-CE21-4A95-9CDA-35D5B76392E3}"
EndProject
Project("{8BC9CEB8-8B4A-11D0-8D11-00A0C91BC942}") = "Framework", "Source\Engine\Framework\Framework.vcxproj", "{A349F02B-C6CC-45D4-ACDB-2F25F29E5BA2}"
EndProject
Project("{8BC9CEB8-8B4A-11D0-8D11-00A0C91BC942}") = "Input", "Source\Engine\Input\Input.vcxproj", "{33A123AB-1A49-4D88-A930-D131594C9C40}"
EndProject
Project("{8BC9CEB8-8B4A-11D0-8D11-00A0C91BC942}") = "Renderer", "Source\Engine\Renderer\Renderer.vcxproj", "{865351CF-86EC-4EEE-9052-5A643E216B45}"
EndProject
Project("{2150E333-8FDC-42A3-9474-1A3956D46DE8}") = "Engine", "Engine", "{141B73EF-CA24-455F-A8DA-1A7B9F565414}"
EndProject
Project("{2150E333-8FDC-42A3-9474-1A3956D46DE8}") = "Game", "Game", "{6702E685-570E-4F2C-AAD0-BA80508FEB4C}"
EndProject
Project("{8BC9CEB8-8B4A-11D0-8D11-00A0C91BC942}") = "Game", "Source\Game\Game\Game.vcxproj", "{C46FE12E-8263-40D7-A9AA-7F9F35DD75EA}"
EndProject
Project("{8BC9CEB8-8B4A-11D0-8D11-00A0C91BC942}") = "Audio", "Source\Engine\Audio\Audio.vcxproj", "{78F475B1-7326-4869-9CA3-3D04D71E6BFE}"
EndProject
Project("{8BC9CEB8-8B4A-11D0-8D11-00A0C91BC942}") = "Physics", "Source\Engine\Physics\Physics.vcxproj", "{E63D9ECC-B9C1-49DA-85CF-842023E727B3}"
EndProject
Project("{8BC9CEB8-8B4A-11D0-8D11-00A0C91BC942}") = "PlatformGame", "Source\Game\PlatformGame\PlatformGame.vcxproj", "{A63852E7-A62F-4E0A-B7BF-9CA18C6EAF95}"
EndProject
Global
	GlobalSection(SolutionConfigurationPlatforms) = preSolution
		Debug|x64 = Debug|x64
		Debug|x86 = Debug|x86
		Release|x64 = Release|x64
		Release|x86 = Release|x86
	EndGlobalSection
	GlobalSection(ProjectConfigurationPlatforms) = postSolution
		{A6DC1E2E-CE21-4A95-9CDA-35D5B76392E3}.Debug|x64.ActiveCfg = Debug|x64
		{A6DC1E2E-CE21-4A95-9CDA-35D5B76392E3}.Debug|x64.Build.0 = Debug|x64
		{A6DC1E2E-CE21-4A95-9CDA-35D5B76392E3}.Debug|x86.ActiveCfg = Debug|Win32
		{A6DC1E2E-CE21-4A95-9CDA-35D5B76392E3}.Debug|x86.Build.0 = Debug|Win32
		{A6DC1E2E-CE21-4A95-9CDA-35D5B76392E3}.Release|x64.ActiveCfg = Release|x64
		{A6DC1E2E-CE21-4A95-9CDA-35D5B76392E3}.Release|x64.Build.0 = Release|x64
		{A6DC1E2E-CE21-4A95-9CDA-35D5B76392E3}.Release|x86.ActiveCfg = Release|Win32
		{A6DC1E2E-CE21-4A95-9CDA-35D5B76392E3}.Release|x86.Build.0 = Release|Win32
		{A349F02B-C6CC-45D4-ACDB-2F25F29E5BA2}.Debug|x64.ActiveCfg = Debug|x64
		{A349F02B-C6CC-45D4-ACDB-2F25F29E5BA2}.Debug|x64.Build.0 = Debug|x64
		{A349F02B-C6CC-45D4-ACDB-2F25F29E5BA2}.Debug|x86.ActiveCfg = Debug|Win32
		{A349F02B-C6CC-45D4-ACDB-2F25F29E5BA2}.Debug|x86.Build.0 = Debug|Win32
		{A349F02B-C6CC-45D4-ACDB-2F25F29E5BA2}.Release|x64.ActiveCfg = Release|x64
		{A349F02B-C6CC-45D4-ACDB-2F25F29E5BA2}.Release|x64.Build.0 = Release|x64
		{A349F02B-C6CC-45D4-ACDB-2F25F29E5BA2}.Release|x86.ActiveCfg = Release|Win32
		{A349F02B-C6CC-45D4-ACDB-2F25F29E5BA2}.Release|x86.Build.0 = Release|Win32
		{33A123AB-1A49-4D88-A930-D131594C9C40}.Debug|x64.ActiveCfg = Debug|x64
		{33A123AB-1A49-4D88-A930-D131594C9C40}.Debug|x64.Build.0 = Debug|x64
		{33A123AB-1A49-4D88-A930-D131594C9C40}.Debug|x86.ActiveCfg = Debug|Win32
		{33A123AB-1A49-4D88-A930-D131594C9C40}.Debug|x86.Build.0 = Debug|Win32
		{33A123AB-1A49-4D88-A930-D131594C9C40}.Release|x64.ActiveCfg = Release|x64
		{33A123AB-1A49-4D88-A930-D131594C9C40}.Release|x64.Build.0 = Release|x64
		{33A123AB-1A49-4D88-A930-D131594C9C40}.Release|x86.ActiveCfg = Release|Win32
		{33A123AB-1A49-4D88-A930-D131594C9C40}.Release|x86.Build.0 = Release|Win32
		{865351CF-86EC-4EEE-9052-5A643E216B45}.Debug|x64.ActiveCfg = Debug|x64
		{865351CF-86EC-4EEE-9052-5A643E216B45}.Debug|x64.Build.0 = Debug|x64
		{865351CF-86EC-4EEE-9052-5A643E216B45}.Debug|x86.ActiveCfg = Debug|Win32
		{865351CF-86EC-4EEE-9052-5A643E216B45}.Debug|x86.Build.0 = Debug|Win32
		{865351CF-86EC-4EEE-9052-5A643E216B45}.Release|x64.ActiveCfg = Release|x64
		{865351CF-86EC-4EEE-9052-5A643E216B45}.Release|x64.Build.0 = Release|x64
		{865351CF-86EC-4EEE-9052-5A643E216B45}.Release|x86.ActiveCfg = Release|Win32
		{865351CF-86EC-4EEE-9052-5A643E216B45}.Release|x86.Build.0 = Release|Win32
		{C46FE12E-8263-40D7-A9AA-7F9F35DD75EA}.Debug|x64.ActiveCfg = Debug|x64
		{C46FE12E-8263-40D7-A9AA-7F9F35DD75EA}.Debug|x64.Build.0 = Debug|x64
		{C46FE12E-8263-40D7-A9AA-7F9F35DD75EA}.Debug|x86.ActiveCfg = Debug|Win32
		{C46FE12E-8263-40D7-A9AA-7F9F35DD75EA}.Debug|x86.Build.0 = Debug|Win32
		{C46FE12E-8263-40D7-A9AA-7F9F35DD75EA}.Release|x64.ActiveCfg = Release|x64
		{C46FE12E-8263-40D7-A9AA-7F9F35DD75EA}.Release|x64.Build.0 = Release|x64
		{C46FE12E-8263-40D7-A9AA-7F9F35DD75EA}.Release|x86.ActiveCfg = Release|Win32
		{C46FE12E-8263-40D7-A9AA-7F9F35DD75EA}.Release|x86.Build.0 = Release|Win32
		{78F475B1-7326-4869-9CA3-3D04D71E6BFE}.Debug|x64.ActiveCfg = Debug|x64
		{78F475B1-7326-4869-9CA3-3D04D71E6BFE}.Debug|x64.Build.0 = Debug|x64
		{78F475B1-7326-4869-9CA3-3D04D71E6BFE}.Debug|x86.ActiveCfg = Debug|Win32
		{78F475B1-7326-4869-9CA3-3D04D71E6BFE}.Debug|x86.Build.0 = Debug|Win32
		{78F475B1-7326-4869-9CA3-3D04D71E6BFE}.Release|x64.ActiveCfg = Release|x64
		{78F475B1-7326-4869-9CA3-3D04D71E6BFE}.Release|x64.Build.0 = Release|x64
		{78F475B1-7326-4869-9CA3-3D04D71E6BFE}.Release|x86.ActiveCfg = Release|Win32
		{78F475B1-7326-4869-9CA3-3D04D71E6BFE}.Release|x86.Build.0 = Release|Win32
		{E63D9ECC-B9C1-49DA-85CF-842023E727B3}.Debug|x64.ActiveCfg = Debug|x64
		{E63D9ECC-B9C1-49DA-85CF-842023E727B3}.Debug|x64.Build.0 = Debug|x64
		{E63D9ECC-B9C1-49DA-85CF-842023E727B3}.Debug|x86.ActiveCfg = Debug|Win32
		{E63D9ECC-B9C1-49DA-85CF-842023E727B3}.Debug|x86.Build.0 = Debug|Win32
		{E63D9ECC-B9C1-49DA-85CF-842023E727B3}.Release|x64.ActiveCfg = Release|x64
		{E63D9ECC-B9C1-49DA-85CF-842023E727B3}.Release|x64.Build.0 = Release|x64
		{E63D9ECC-B9C1-49DA-85CF-842023E727B3}.Release|x86.ActiveCfg = Release|Win32
		{E63D9ECC-B9C1-49DA-85CF-842023E727B3}.Release|x86.Build.0 = Release|Win32
		{A63852E7-A62F-4E0A-B7BF-9CA18C6EAF95}.Debug|x64.ActiveCfg = Debug|x64
		{A63852E7-A62F-4E0A-B7BF-9CA18C6EAF95}.Debug|x64.Build.0 = Debug|x64
		{A63852E7-A62F-4E0A-B7BF-9CA18C6EAF95}.Debug|x86.ActiveCfg = Debug|Win32
		{A63852E7-A62F-4E0A-B7BF-9CA18C6EAF95}.Debug|x86.Build.0 = Debug|Win32
		{A63852E7-A62F-4E0A-B7BF-9CA18C6EAF95}.Release|x64.ActiveCfg = Release|x64
		{A63852E7-A62F-4E0A-B7BF-9CA18C6EAF95}.Release|x64.Build.0 = Release|x64
		{A63852E7-A62F-4E0A-B7BF-9CA18C6EAF95}.Release|x86.ActiveCfg = Release|Win32
		{A63852E7-A62F-4E0A-B7BF-9CA18C6EAF95}.Release|x86.Build.0 = Release|Win32
	EndGlobalSection
	GlobalSection(SolutionProperties) = preSolution
		HideSolutionNode = FALSE
	EndGlobalSection
	GlobalSection(NestedProjects) = preSolution
		{A6DC1E2E-CE21-4A95-9CDA-35D5B76392E3} = {141B73EF-CA24-455F-A8DA-1A7B9F565414}
		{A349F02B-C6CC-45D4-ACDB-2F25F29E5BA2} = {141B73EF-CA24-455F-A8DA-1A7B9F565414}
		{33A123AB-1A49-4D88-A930-D131594C9C40} = {141B73EF-CA24-455F-A8DA-1A7B9F565414}
		{865351CF-86EC-4EEE-9052-5A643E216B45} = {141B73EF-CA24-455F-A8DA-1A7B9F565414}
		{C46FE12E-8263-40D7-A9AA-7F9F35DD75EA} = {6702E685-570E-4F2C-AAD0-BA80508FEB4C}
		{78F475B1-7326-4869-9CA3-3D04D71E6BFE} = {141B73EF-CA24-455F-A8DA-1A7B9F565414}
		{E63D9ECC-B9C1-49DA-85CF-842023E727B3} = {141B73EF-CA24-455F-A8DA-1A7B9F565414}
		{A63852E7-A62F-4E0A-B7BF-9CA18C6EAF95} = {6702E685-570E-4F2C-AAD0-BA80508FEB4C}
	EndGlobalSection
	GlobalSection(ExtensibilityGlobals) = postSolution
		SolutionGuid = {9ED7A5DA-C54C-4968-8A1A-A80F66C8D202}
	EndGlobalSection
EndGlobal
